
Microsoft Visual Studio Solution File, Format Version 12.00
# Visual Studio Version 17
VisualStudioVersion = 17.7.34003.232
MinimumVisualStudioVersion = 10.0.40219.1
Project("{FAE04EC0-301F-11D3-BF4B-00C04F79EFBC}") = "MQTTPublisher", "MQTTPublisher.csproj", "{23B7928F-E28E-4D71-8AA4-98444D0549F5}"
EndProject
Global
	GlobalSection(SolutionConfigurationPlatforms) = preSolution
		Debug|Any CPU = Debug|Any CPU
		Release|Any CPU = Release|Any CPU
	EndGlobalSection
	GlobalSection(ProjectConfigurationPlatforms) = postSolution
		{23B7928F-E28E-4D71-8AA4-98444D0549F5}.Debug|Any CPU.ActiveCfg = Debug|Any CPU
		{23B7928F-E28E-4D71-8AA4-98444D0549F5}.Debug|Any CPU.Build.0 = Debug|Any CPU
		{23B7928F-E28E-4D71-8AA4-98444D0549F5}.Release|Any CPU.ActiveCfg = Release|Any CPU
		{23B7928F-E28E-4D71-8AA4-98444D0549F5}.Release|Any CPU.Build.0 = Release|Any CPU
	EndGlobalSection
	GlobalSection(SolutionProperties) = preSolution
		HideSolutionNode = FALSE
	EndGlobalSection
	GlobalSection(ExtensibilityGlobals) = postSolution
		SolutionGuid = {E54AE031-3DE0-40C1-95A4-6A1F142162A6}
	EndGlobalSection
EndGlobal
